
Microsoft Visual Studio Solution File, Format Version 12.00
# Visual Studio Version 17
VisualStudioVersion = 17.0.31912.275
MinimumVisualStudioVersion = 10.0.40219.1
Project("{9A19103F-16F7-4668-BE54-9A1E7A4F7556}") = "BluetoothCommon.WinRT", "BluetoothCommon.WinRT\BluetoothCommon.WinRT.csproj", "{AF37A3CA-A8D9-4620-B956-7979E15073C1}"
EndProject
Project("{9A19103F-16F7-4668-BE54-9A1E7A4F7556}") = "BluetoothRFComm.WinRT", "BluetoothRFComm.WinRT\BluetoothRFComm.WinRT.csproj", "{CFFC161B-CC59-4430-9BBB-5C8AF9B79868}"
EndProject
Project("{9A19103F-16F7-4668-BE54-9A1E7A4F7556}") = "Communications.WinRT", "Communications.WinRT\Communications.WinRT.csproj", "{3C557F42-8B27-4E71-9F19-61E173EAD505}"
EndProject
Project("{9A19103F-16F7-4668-BE54-9A1E7A4F7556}") = "BluetoothLE.WinRT", "BluetoothLE.WinRT\BluetoothLE.WinRT.csproj", "{73B1049B-EC13-4E95-9883-7FAB7A1B0638}"
EndProject
Project("{9A19103F-16F7-4668-BE54-9A1E7A4F7556}") = "Wifi.WinRT", "Wifi.WinRT\Wifi.WinRT.csproj", "{CAFE8FA4-5C77-496C-9766-DDD7D43F9BC7}"
EndProject
Project("{9A19103F-16F7-4668-BE54-9A1E7A4F7556}") = "Serial.WinRT", "Serial.WinRT\Serial.WinRT.csproj", "{94A56E31-251D-4DBD-BFF2-E7C85F20B39A}"
EndProject
Project("{9A19103F-16F7-4668-BE54-9A1E7A4F7556}") = "Ethernet.WinRT", "Ethernet.WinRT\Ethernet.WinRT.csproj", "{AC885C0F-FA6F-4064-9AE0-3553FA3F3B12}"
EndProject
Project("{9A19103F-16F7-4668-BE54-9A1E7A4F7556}") = "BluetoothCommon.Net", "..\SharedNetLibs\BluetoothCommon.Net\BluetoothCommon.Net.csproj", "{9CE794AA-0BFD-4369-944C-96DAAABC9EA0}"
EndProject
Project("{9A19103F-16F7-4668-BE54-9A1E7A4F7556}") = "BluetoothLE.Net", "..\SharedNetLibs\BluetoothLE\BluetoothLE.Net.csproj", "{DA4D9A94-68A8-4BDC-8981-60DE57A45854}"
EndProject
Project("{9A19103F-16F7-4668-BE54-9A1E7A4F7556}") = "ChkUtils.Net", "..\SharedNetLibs\ChkUtils.Net\ChkUtils.Net.csproj", "{D583327A-E677-4D7A-8245-26C11C9A59E7}"
EndProject
Project("{9A19103F-16F7-4668-BE54-9A1E7A4F7556}") = "Common.Net", "..\SharedNetLibs\Common.Net\Common.Net.csproj", "{372A9F81-D70D-4761-AFB9-B9B83610F97D}"
EndProject
Project("{9A19103F-16F7-4668-BE54-9A1E7A4F7556}") = "CommunicationStack.Net", "..\SharedNetLibs\CommunicationStack.Net\CommunicationStack.Net.csproj", "{F3C6BCDB-EE21-4669-B6C9-573E9C88D182}"
EndProject
Project("{9A19103F-16F7-4668-BE54-9A1E7A4F7556}") = "Ethernet.Common.Net", "..\SharedNetLibs\Ethernet.Common.Net\Ethernet.Common.Net.csproj", "{C223424B-C9AF-42BA-960F-30F6E69BE0FD}"
EndProject
Project("{9A19103F-16F7-4668-BE54-9A1E7A4F7556}") = "LogUtils.Net", "..\SharedNetLibs\LogUtils.Net\LogUtils.Net.csproj", "{D55FD0F5-7823-4FE4-83EC-93D1714AA273}"
EndProject
Project("{9A19103F-16F7-4668-BE54-9A1E7A4F7556}") = "SerialCommon.Net", "..\SharedNetLibs\SerialCommon.Net\SerialCommon.Net.csproj", "{D76B261B-9DFD-4351-8E49-7C3E7C38DB36}"
EndProject
Project("{9A19103F-16F7-4668-BE54-9A1E7A4F7556}") = "StorageFactory.Net", "..\SharedNetLibs\StorageFactory.Net\StorageFactory.Net.csproj", "{C14A3900-A7DA-4A2F-980E-D44646D88152}"
EndProject
Project("{9A19103F-16F7-4668-BE54-9A1E7A4F7556}") = "WifiCommon.Net", "..\SharedNetLibs\WifiCommon.Net\WifiCommon.Net.csproj", "{F8DF98DD-993D-4AFF-AF6F-53769B12722D}"
EndProject
Global
	GlobalSection(SolutionConfigurationPlatforms) = preSolution
		Debug|Any CPU = Debug|Any CPU
		Release|Any CPU = Release|Any CPU
	EndGlobalSection
	GlobalSection(ProjectConfigurationPlatforms) = postSolution
		{AF37A3CA-A8D9-4620-B956-7979E15073C1}.Debug|Any CPU.ActiveCfg = Debug|Any CPU
		{AF37A3CA-A8D9-4620-B956-7979E15073C1}.Debug|Any CPU.Build.0 = Debug|Any CPU
		{AF37A3CA-A8D9-4620-B956-7979E15073C1}.Release|Any CPU.ActiveCfg = Release|Any CPU
		{AF37A3CA-A8D9-4620-B956-7979E15073C1}.Release|Any CPU.Build.0 = Release|Any CPU
		{CFFC161B-CC59-4430-9BBB-5C8AF9B79868}.Debug|Any CPU.ActiveCfg = Debug|Any CPU
		{CFFC161B-CC59-4430-9BBB-5C8AF9B79868}.Debug|Any CPU.Build.0 = Debug|Any CPU
		{CFFC161B-CC59-4430-9BBB-5C8AF9B79868}.Release|Any CPU.ActiveCfg = Release|Any CPU
		{CFFC161B-CC59-4430-9BBB-5C8AF9B79868}.Release|Any CPU.Build.0 = Release|Any CPU
		{3C557F42-8B27-4E71-9F19-61E173EAD505}.Debug|Any CPU.ActiveCfg = Debug|Any CPU
		{3C557F42-8B27-4E71-9F19-61E173EAD505}.Debug|Any CPU.Build.0 = Debug|Any CPU
		{3C557F42-8B27-4E71-9F19-61E173EAD505}.Release|Any CPU.ActiveCfg = Release|Any CPU
		{3C557F42-8B27-4E71-9F19-61E173EAD505}.Release|Any CPU.Build.0 = Release|Any CPU
		{73B1049B-EC13-4E95-9883-7FAB7A1B0638}.Debug|Any CPU.ActiveCfg = Debug|Any CPU
		{73B1049B-EC13-4E95-9883-7FAB7A1B0638}.Debug|Any CPU.Build.0 = Debug|Any CPU
		{73B1049B-EC13-4E95-9883-7FAB7A1B0638}.Release|Any CPU.ActiveCfg = Release|Any CPU
		{73B1049B-EC13-4E95-9883-7FAB7A1B0638}.Release|Any CPU.Build.0 = Release|Any CPU
		{CAFE8FA4-5C77-496C-9766-DDD7D43F9BC7}.Debug|Any CPU.ActiveCfg = Debug|Any CPU
		{CAFE8FA4-5C77-496C-9766-DDD7D43F9BC7}.Debug|Any CPU.Build.0 = Debug|Any CPU
		{CAFE8FA4-5C77-496C-9766-DDD7D43F9BC7}.Release|Any CPU.ActiveCfg = Release|Any CPU
		{CAFE8FA4-5C77-496C-9766-DDD7D43F9BC7}.Release|Any CPU.Build.0 = Release|Any CPU
		{94A56E31-251D-4DBD-BFF2-E7C85F20B39A}.Debug|Any CPU.ActiveCfg = Debug|Any CPU
		{94A56E31-251D-4DBD-BFF2-E7C85F20B39A}.Debug|Any CPU.Build.0 = Debug|Any CPU
		{94A56E31-251D-4DBD-BFF2-E7C85F20B39A}.Release|Any CPU.ActiveCfg = Release|Any CPU
		{94A56E31-251D-4DBD-BFF2-E7C85F20B39A}.Release|Any CPU.Build.0 = Release|Any CPU
		{AC885C0F-FA6F-4064-9AE0-3553FA3F3B12}.Debug|Any CPU.ActiveCfg = Debug|Any CPU
		{AC885C0F-FA6F-4064-9AE0-3553FA3F3B12}.Debug|Any CPU.Build.0 = Debug|Any CPU
		{AC885C0F-FA6F-4064-9AE0-3553FA3F3B12}.Release|Any CPU.ActiveCfg = Release|Any CPU
		{AC885C0F-FA6F-4064-9AE0-3553FA3F3B12}.Release|Any CPU.Build.0 = Release|Any CPU
		{9CE794AA-0BFD-4369-944C-96DAAABC9EA0}.Debug|Any CPU.ActiveCfg = Debug|Any CPU
		{9CE794AA-0BFD-4369-944C-96DAAABC9EA0}.Debug|Any CPU.Build.0 = Debug|Any CPU
		{9CE794AA-0BFD-4369-944C-96DAAABC9EA0}.Release|Any CPU.ActiveCfg = Release|Any CPU
		{9CE794AA-0BFD-4369-944C-96DAAABC9EA0}.Release|Any CPU.Build.0 = Release|Any CPU
		{DA4D9A94-68A8-4BDC-8981-60DE57A45854}.Debug|Any CPU.ActiveCfg = Debug|Any CPU
		{DA4D9A94-68A8-4BDC-8981-60DE57A45854}.Debug|Any CPU.Build.0 = Debug|Any CPU
		{DA4D9A94-68A8-4BDC-8981-60DE57A45854}.Release|Any CPU.ActiveCfg = Release|Any CPU
		{DA4D9A94-68A8-4BDC-8981-60DE57A45854}.Release|Any CPU.Build.0 = Release|Any CPU
		{D583327A-E677-4D7A-8245-26C11C9A59E7}.Debug|Any CPU.ActiveCfg = Debug|Any CPU
		{D583327A-E677-4D7A-8245-26C11C9A59E7}.Debug|Any CPU.Build.0 = Debug|Any CPU
		{D583327A-E677-4D7A-8245-26C11C9A59E7}.Release|Any CPU.ActiveCfg = Release|Any CPU
		{D583327A-E677-4D7A-8245-26C11C9A59E7}.Release|Any CPU.Build.0 = Release|Any CPU
		{372A9F81-D70D-4761-AFB9-B9B83610F97D}.Debug|Any CPU.ActiveCfg = Debug|Any CPU
		{372A9F81-D70D-4761-AFB9-B9B83610F97D}.Debug|Any CPU.Build.0 = Debug|Any CPU
		{372A9F81-D70D-4761-AFB9-B9B83610F97D}.Release|Any CPU.ActiveCfg = Release|Any CPU
		{372A9F81-D70D-4761-AFB9-B9B83610F97D}.Release|Any CPU.Build.0 = Release|Any CPU
		{F3C6BCDB-EE21-4669-B6C9-573E9C88D182}.Debug|Any CPU.ActiveCfg = Debug|Any CPU
		{F3C6BCDB-EE21-4669-B6C9-573E9C88D182}.Debug|Any CPU.Build.0 = Debug|Any CPU
		{F3C6BCDB-EE21-4669-B6C9-573E9C88D182}.Release|Any CPU.ActiveCfg = Release|Any CPU
		{F3C6BCDB-EE21-4669-B6C9-573E9C88D182}.Release|Any CPU.Build.0 = Release|Any CPU
		{C223424B-C9AF-42BA-960F-30F6E69BE0FD}.Debug|Any CPU.ActiveCfg = Debug|Any CPU
		{C223424B-C9AF-42BA-960F-30F6E69BE0FD}.Debug|Any CPU.Build.0 = Debug|Any CPU
		{C223424B-C9AF-42BA-960F-30F6E69BE0FD}.Release|Any CPU.ActiveCfg = Release|Any CPU
		{C223424B-C9AF-42BA-960F-30F6E69BE0FD}.Release|Any CPU.Build.0 = Release|Any CPU
		{D55FD0F5-7823-4FE4-83EC-93D1714AA273}.Debug|Any CPU.ActiveCfg = Debug|Any CPU
		{D55FD0F5-7823-4FE4-83EC-93D1714AA273}.Debug|Any CPU.Build.0 = Debug|Any CPU
		{D55FD0F5-7823-4FE4-83EC-93D1714AA273}.Release|Any CPU.ActiveCfg = Release|Any CPU
		{D55FD0F5-7823-4FE4-83EC-93D1714AA273}.Release|Any CPU.Build.0 = Release|Any CPU
		{D76B261B-9DFD-4351-8E49-7C3E7C38DB36}.Debug|Any CPU.ActiveCfg = Debug|Any CPU
		{D76B261B-9DFD-4351-8E49-7C3E7C38DB36}.Debug|Any CPU.Build.0 = Debug|Any CPU
		{D76B261B-9DFD-4351-8E49-7C3E7C38DB36}.Release|Any CPU.ActiveCfg = Release|Any CPU
		{D76B261B-9DFD-4351-8E49-7C3E7C38DB36}.Release|Any CPU.Build.0 = Release|Any CPU
		{C14A3900-A7DA-4A2F-980E-D44646D88152}.Debug|Any CPU.ActiveCfg = Debug|Any CPU
		{C14A3900-A7DA-4A2F-980E-D44646D88152}.Debug|Any CPU.Build.0 = Debug|Any CPU
		{C14A3900-A7DA-4A2F-980E-D44646D88152}.Release|Any CPU.ActiveCfg = Release|Any CPU
		{C14A3900-A7DA-4A2F-980E-D44646D88152}.Release|Any CPU.Build.0 = Release|Any CPU
		{F8DF98DD-993D-4AFF-AF6F-53769B12722D}.Debug|Any CPU.ActiveCfg = Debug|Any CPU
		{F8DF98DD-993D-4AFF-AF6F-53769B12722D}.Debug|Any CPU.Build.0 = Debug|Any CPU
		{F8DF98DD-993D-4AFF-AF6F-53769B12722D}.Release|Any CPU.ActiveCfg = Release|Any CPU
		{F8DF98DD-993D-4AFF-AF6F-53769B12722D}.Release|Any CPU.Build.0 = Release|Any CPU
	EndGlobalSection
	GlobalSection(SolutionProperties) = preSolution
		HideSolutionNode = FALSE
	EndGlobalSection
	GlobalSection(ExtensibilityGlobals) = postSolution
		SolutionGuid = {CF7D4D15-9D25-41AC-A633-0CEC9E1D3323}
	EndGlobalSection
EndGlobal
